
Microsoft Visual Studio Solution File, Format Version 12.00
# Visual Studio Version 17
VisualStudioVersion = 17.12.35707.178
MinimumVisualStudioVersion = 10.0.40219.1
Project("{FAE04EC0-301F-11D3-BF4B-00C04F79EFBC}") = "Ecommerce.UserMS.API", "Ecommerce.UserMS\Ecommerce.UserMS.API.csproj", "{01694F03-9110-4AD4-A779-D204A30D9920}"
EndProject
Project("{FAE04EC0-301F-11D3-BF4B-00C04F79EFBC}") = "Ecommerce.UserMS.Application", "Ecommerce.UserMS.Application\Ecommerce.UserMS.Application.csproj", "{FD44B0C9-0986-4F58-9AB0-088923391B6E}"
EndProject
Project("{FAE04EC0-301F-11D3-BF4B-00C04F79EFBC}") = "Ecommerce.UserMS.Domain", "Ecommerce.UserMS.Domain\Ecommerce.UserMS.Domain.csproj", "{35F874C1-AC20-4D31-B7AA-A406AF78DAF6}"
EndProject
Project("{FAE04EC0-301F-11D3-BF4B-00C04F79EFBC}") = "Ecommerce.UserMS.Persistance", "Ecommerce.UserMS.Repository\Ecommerce.UserMS.Persistance.csproj", "{AB605835-285D-49B4-BCD9-C403D1085118}"
EndProject
Project("{FAE04EC0-301F-11D3-BF4B-00C04F79EFBC}") = "Ecommerce.UserMS.DependencyInjection", "Ecommerce.UserMS.DependencyInjection\Ecommerce.UserMS.DependencyInjection.csproj", "{E81AD198-CE94-49C0-AC57-00224957B9CF}"
EndProject
Project("{E53339B2-1760-4266-BCC7-CA923CBCF16C}") = "docker-compose", "docker-compose.dcproj", "{D47CE592-C24C-4484-BB35-7EB8DB17B40C}"
EndProject
Global
	GlobalSection(SolutionConfigurationPlatforms) = preSolution
		Debug|Any CPU = Debug|Any CPU
		Release|Any CPU = Release|Any CPU
	EndGlobalSection
	GlobalSection(ProjectConfigurationPlatforms) = postSolution
		{01694F03-9110-4AD4-A779-D204A30D9920}.Debug|Any CPU.ActiveCfg = Debug|Any CPU
		{01694F03-9110-4AD4-A779-D204A30D9920}.Debug|Any CPU.Build.0 = Debug|Any CPU
		{01694F03-9110-4AD4-A779-D204A30D9920}.Release|Any CPU.ActiveCfg = Release|Any CPU
		{01694F03-9110-4AD4-A779-D204A30D9920}.Release|Any CPU.Build.0 = Release|Any CPU
		{FD44B0C9-0986-4F58-9AB0-088923391B6E}.Debug|Any CPU.ActiveCfg = Debug|Any CPU
		{FD44B0C9-0986-4F58-9AB0-088923391B6E}.Debug|Any CPU.Build.0 = Debug|Any CPU
		{FD44B0C9-0986-4F58-9AB0-088923391B6E}.Release|Any CPU.ActiveCfg = Release|Any CPU
		{FD44B0C9-0986-4F58-9AB0-088923391B6E}.Release|Any CPU.Build.0 = Release|Any CPU
		{35F874C1-AC20-4D31-B7AA-A406AF78DAF6}.Debug|Any CPU.ActiveCfg = Debug|Any CPU
		{35F874C1-AC20-4D31-B7AA-A406AF78DAF6}.Debug|Any CPU.Build.0 = Debug|Any CPU
		{35F874C1-AC20-4D31-B7AA-A406AF78DAF6}.Release|Any CPU.ActiveCfg = Release|Any CPU
		{35F874C1-AC20-4D31-B7AA-A406AF78DAF6}.Release|Any CPU.Build.0 = Release|Any CPU
		{AB605835-285D-49B4-BCD9-C403D1085118}.Debug|Any CPU.ActiveCfg = Debug|Any CPU
		{AB605835-285D-49B4-BCD9-C403D1085118}.Debug|Any CPU.Build.0 = Debug|Any CPU
		{AB605835-285D-49B4-BCD9-C403D1085118}.Release|Any CPU.ActiveCfg = Release|Any CPU
		{AB605835-285D-49B4-BCD9-C403D1085118}.Release|Any CPU.Build.0 = Release|Any CPU
		{E81AD198-CE94-49C0-AC57-00224957B9CF}.Debug|Any CPU.ActiveCfg = Debug|Any CPU
		{E81AD198-CE94-49C0-AC57-00224957B9CF}.Debug|Any CPU.Build.0 = Debug|Any CPU
		{E81AD198-CE94-49C0-AC57-00224957B9CF}.Release|Any CPU.ActiveCfg = Release|Any CPU
		{E81AD198-CE94-49C0-AC57-00224957B9CF}.Release|Any CPU.Build.0 = Release|Any CPU
		{D47CE592-C24C-4484-BB35-7EB8DB17B40C}.Debug|Any CPU.ActiveCfg = Debug|Any CPU
		{D47CE592-C24C-4484-BB35-7EB8DB17B40C}.Debug|Any CPU.Build.0 = Debug|Any CPU
		{D47CE592-C24C-4484-BB35-7EB8DB17B40C}.Release|Any CPU.ActiveCfg = Release|Any CPU
		{D47CE592-C24C-4484-BB35-7EB8DB17B40C}.Release|Any CPU.Build.0 = Release|Any CPU
	EndGlobalSection
	GlobalSection(SolutionProperties) = preSolution
		HideSolutionNode = FALSE
	EndGlobalSection
EndGlobal
